{
  "name": "ucan-agent",
  "version": "1.0.0",
  "lockfileVersion": 3,
  "requires": true,
  "packages": {
    "": {
      "name": "ucan-agent",
      "version": "1.0.0",
      "license": "ISC",
      "dependencies": {
        "@ucanto/client": "^9.0.2",
        "@ucanto/core": "^10.4.6",
        "@ucanto/principal": "^9.0.3",
        "@ucanto/server": "^11.0.3"
      }
    },
    "node_modules/@ipld/car": {
      "version": "5.4.2",
      "resolved": "https://registry.npmjs.org/@ipld/car/-/car-5.4.2.tgz",
      "integrity": "sha512-gfyrJvePyXnh2Fbj8mPg4JYvEZ3izhk8C9WgAle7xIYbrJNSXmNQ6BxAls8Gof97vvGbCROdxbTWRmHJtTCbcg==",
      "license": "Apache-2.0 OR MIT",
      "dependencies": {
        "@ipld/dag-cbor": "^9.0.7",
        "cborg": "^4.0.5",
        "multiformats": "^13.0.0",
        "varint": "^6.0.0"
      },
      "engines": {
        "node": ">=16.0.0",
        "npm": ">=7.0.0"
      }
    },
    "node_modules/@ipld/dag-cbor": {
      "version": "9.2.5",
      "resolved": "https://registry.npmjs.org/@ipld/dag-cbor/-/dag-cbor-9.2.5.tgz",
      "integrity": "sha512-84wSr4jv30biui7endhobYhXBQzQE4c/wdoWlFrKcfiwH+ofaPg8fwsM8okX9cOzkkrsAsNdDyH3ou+kiLquwQ==",
      "license": "Apache-2.0 OR MIT",
      "dependencies": {
        "cborg": "^4.0.0",
        "multiformats": "^13.1.0"
      },
      "engines": {
        "node": ">=16.0.0",
        "npm": ">=7.0.0"
      }
    },
    "node_modules/@ipld/dag-json": {
      "version": "10.2.6",
      "resolved": "https://registry.npmjs.org/@ipld/dag-json/-/dag-json-10.2.6.tgz",
      "integrity": "sha512-51yc5azhmkvc9mp2HV/vtJ8SlgFXADp55wAPuuAjQZ+yPurAYuTVddS3ke5vT4sjcd4DbE+DWjsMZGXjFB2cuA==",
      "license": "Apache-2.0 OR MIT",
      "dependencies": {
        "cborg": "^4.4.0",
        "multiformats": "^13.1.0"
      },
      "engines": {
        "node": ">=16.0.0",
        "npm": ">=7.0.0"
      }
    },
    "node_modules/@ipld/dag-ucan": {
      "version": "3.4.5",
      "resolved": "https://registry.npmjs.org/@ipld/dag-ucan/-/dag-ucan-3.4.5.tgz",
      "integrity": "sha512-wiWhH0Ju7WgnumsarHCYtlo+1NRy+WIsXyAB7g2sDqVsKCyEJiLLmjeZzKqNv+qMxLnUS8bQ287cPiQ//s/oJQ==",
      "license": "Apache-2.0 OR MIT",
      "dependencies": {
        "@ipld/dag-cbor": "^9.0.0",
        "@ipld/dag-json": "^10.0.0",
        "multiformats": "^13.3.1"
      }
    },
    "node_modules/@noble/curves": {
      "version": "1.9.7",
      "resolved": "https://registry.npmjs.org/@noble/curves/-/curves-1.9.7.tgz",
      "integrity": "sha512-gbKGcRUYIjA3/zCCNaWDciTMFI0dCkvou3TL8Zmy5Nc7sJ47a0jtOeZoTaMxkuqRo9cRhjOdZJXegxYE5FN/xw==",
      "license": "MIT",
      "dependencies": {
        "@noble/hashes": "1.8.0"
      },
      "engines": {
        "node": "^14.21.3 || >=16"
      },
      "funding": {
        "url": "https://paulmillr.com/funding/"
      }
    },
    "node_modules/@noble/ed25519": {
      "version": "1.7.5",
      "resolved": "https://registry.npmjs.org/@noble/ed25519/-/ed25519-1.7.5.tgz",
      "integrity": "sha512-xuS0nwRMQBvSxDa7UxMb61xTiH3MxTgUfhyPUALVIe0FlOAz4sjELwyDRyUvqeEYfRSG9qNjFIycqLZppg4RSA==",
      "funding": [
        {
          "type": "individual",
          "url": "https://paulmillr.com/funding/"
        }
      ],
      "license": "MIT"
    },
    "node_modules/@noble/hashes": {
      "version": "1.8.0",
      "resolved": "https://registry.npmjs.org/@noble/hashes/-/hashes-1.8.0.tgz",
      "integrity": "sha512-jCs9ldd7NwzpgXDIf6P3+NrHh9/sD6CQdxHyjQI+h/6rDNo88ypBxxz45UDuZHz9r3tNz7N/VInSVoVdtXEI4A==",
      "license": "MIT",
      "engines": {
        "node": "^14.21.3 || >=16"
      },
      "funding": {
        "url": "https://paulmillr.com/funding/"
      }
    },
    "node_modules/@ucanto/client": {
      "version": "9.0.2",
      "resolved": "https://registry.npmjs.org/@ucanto/client/-/client-9.0.2.tgz",
      "integrity": "sha512-XbG8rw/fc1hPSFKDQ/z1NpIuc4Lm79J4NWbP+dedvDnb5LmOBMHE8bjjEPD4xGO2eh6fWQSZ4YTYk5wjkLz+3Q==",
      "license": "(Apache-2.0 AND MIT)",
      "dependencies": {
        "@ucanto/core": "^10.4.5",
        "@ucanto/interface": "^11.0.1"
      }
    },
    "node_modules/@ucanto/core": {
      "version": "10.4.6",
      "resolved": "https://registry.npmjs.org/@ucanto/core/-/core-10.4.6.tgz",
      "integrity": "sha512-K3aRsbolL3Mas1P+7Ba+kpCvEVlBJf93V4OZ23FOZRBnbodD+x/ygOEXWL8OYcZpBwYiPeYWMAJPZpIzjNIEoQ==",
      "license": "(Apache-2.0 AND MIT)",
      "dependencies": {
        "@ipld/car": "^5.1.0",
        "@ipld/dag-cbor": "^9.0.0",
        "@ipld/dag-ucan": "^3.4.5",
        "@ucanto/interface": "^11.0.1",
        "multiformats": "^13.3.1"
      }
    },
    "node_modules/@ucanto/interface": {
      "version": "11.0.1",
      "resolved": "https://registry.npmjs.org/@ucanto/interface/-/interface-11.0.1.tgz",
      "integrity": "sha512-d0yoPFXdbb3EyM3sBom5VVcVyz58HT+57qi/ywSY1dbZAm4c7GZss0lpfcI5OXQREzGCzJYAg1e7pFwqbATnmQ==",
      "license": "(Apache-2.0 AND MIT)",
      "dependencies": {
        "@ipld/dag-ucan": "^3.4.5",
        "multiformats": "^13.3.1"
      }
    },
    "node_modules/@ucanto/principal": {
      "version": "9.0.3",
      "resolved": "https://registry.npmjs.org/@ucanto/principal/-/principal-9.0.3.tgz",
      "integrity": "sha512-MFLvckOpQA46VSeLWyB7xCysL+ub5vnbCEtHbWhNE3qkzeo14v4wSThd60odPhxj83QXrzbveiebp0gcaEvXJg==",
      "license": "(Apache-2.0 AND MIT)",
      "dependencies": {
        "@ipld/dag-ucan": "^3.4.5",
        "@noble/curves": "^1.2.0",
        "@noble/ed25519": "^1.7.3",
        "@noble/hashes": "^1.3.2",
        "@ucanto/interface": "^11.0.1",
        "multiformats": "^13.3.1",
        "one-webcrypto": "^1.0.3"
      }
    },
    "node_modules/@ucanto/server": {
      "version": "11.0.3",
      "resolved": "https://registry.npmjs.org/@ucanto/server/-/server-11.0.3.tgz",
      "integrity": "sha512-NiiUHYnyM4UPSWKquHbi1n3a5paAl8fQ0K8ankfaME1p18JyTGcbC8SOEUOecewqBpET5jHXPe/4DDt0M9Hi9A==",
      "license": "(Apache-2.0 AND MIT)",
      "dependencies": {
        "@ucanto/core": "^10.4.5",
        "@ucanto/interface": "^11.0.1",
        "@ucanto/principal": "^9.0.3",
        "@ucanto/validator": "^10.0.1"
      }
    },
    "node_modules/@ucanto/validator": {
      "version": "10.0.1",
      "resolved": "https://registry.npmjs.org/@ucanto/validator/-/validator-10.0.1.tgz",
      "integrity": "sha512-J1/2NAfvs55CxDEuHKMTjoLgoVrFqBbZqErYwL7TDx8Pu2V9sv7rc2wZS5dRxcM1VCEzHXY3SWeLOJuH8VgKrw==",
      "license": "(Apache-2.0 AND MIT)",
      "dependencies": {
        "@ipld/car": "^5.4.0",
        "@ipld/dag-cbor": "^9.2.2",
        "@ucanto/core": "^10.4.5",
        "@ucanto/interface": "^11.0.1",
        "multiformats": "^13.3.1"
      }
    },
    "node_modules/cborg": {
      "version": "4.5.8",
      "resolved": "https://registry.npmjs.org/cborg/-/cborg-4.5.8.tgz",
      "integrity": "sha512-6/viltD51JklRhq4L7jC3zgy6gryuG5xfZ3kzpE+PravtyeQLeQmCYLREhQH7pWENg5pY4Yu/XCd6a7dKScVlw==",
      "license": "Apache-2.0",
      "bin": {
        "cborg": "lib/bin.js"
      }
    },
    "node_modules/multiformats": {
      "version": "13.4.2",
      "resolved": "https://registry.npmjs.org/multiformats/-/multiformats-13.4.2.tgz",
      "integrity": "sha512-eh6eHCrRi1+POZ3dA+Dq1C6jhP1GNtr9CRINMb67OKzqW9I5DUuZM/3jLPlzhgpGeiNUlEGEbkCYChXMCc/8DQ==",
      "license": "Apache-2.0 OR MIT"
    },
    "node_modules/one-webcrypto": {
      "version": "1.0.3",
      "resolved": "https://registry.npmjs.org/one-webcrypto/-/one-webcrypto-1.0.3.tgz",
      "integrity": "sha512-fu9ywBVBPx0gS9K0etIROTiCkvI5S1TDjFsYFb3rC1ewFxeOqsbzq7aIMBHsYfrTHBcGXJaONXXjTl8B01cW1Q==",
      "license": "MIT"
    },
    "node_modules/varint": {
      "version": "6.0.0",
      "resolved": "https://registry.npmjs.org/varint/-/varint-6.0.0.tgz",
      "integrity": "sha512-cXEIW6cfr15lFv563k4GuVuW/fiwjknytD37jIOLSdSWuOI6WnO/oKwmP2FQTU2l01LP8/M5TSAJpzUaGe3uWg==",
      "license": "MIT"
    }
  }
}
